// !$*UTF8*$!
{
	archiveVersion = 1;
	classes = {
	};
	objectVersion = 46;
	objects = {

/* Begin PBXBuildFile section */
		0C6F358D1DC3605700AD9B9A /* GameViewController.swift in Sources */ = {isa = PBXBuildFile; fileRef = 0C6F358B1DC3605700AD9B9A /* GameViewController.swift */; };
		0C6F358E1DC3605700AD9B9A /* MainViewController.swift in Sources */ = {isa = PBXBuildFile; fileRef = 0C6F358C1DC3605700AD9B9A /* MainViewController.swift */; };
		0C6F35921DC3607400AD9B9A /* GameScene.sks in Resources */ = {isa = PBXBuildFile; fileRef = 0C6F35901DC3607400AD9B9A /* GameScene.sks */; };
		0C6F35931DC3607400AD9B9A /* GameScene.swift in Sources */ = {isa = PBXBuildFile; fileRef = 0C6F35911DC3607400AD9B9A /* GameScene.swift */; };
		0C6F35981DC387E700AD9B9A /* SparkParticle.sks in Resources */ = {isa = PBXBuildFile; fileRef = 0C6F35961DC387E700AD9B9A /* SparkParticle.sks */; };
		0C6F35991DC387E700AD9B9A /* Assets.xcassets in Resources */ = {isa = PBXBuildFile; fileRef = 0C6F35971DC387E700AD9B9A /* Assets.xcassets */; };
		0CC327701DC35DA500E1E9C7 /* AppDelegate.swift in Sources */ = {isa = PBXBuildFile; fileRef = 0CC3276F1DC35DA500E1E9C7 /* AppDelegate.swift */; };
		0CC3277B1DC35DA500E1E9C7 /* Main.storyboard in Resources */ = {isa = PBXBuildFile; fileRef = 0CC327791DC35DA500E1E9C7 /* Main.storyboard */; };
		0CC3277D1DC35DA500E1E9C7 /* Assets.xcassets in Resources */ = {isa = PBXBuildFile; fileRef = 0CC3277C1DC35DA500E1E9C7 /* Assets.xcassets */; };
		0CC327801DC35DA500E1E9C7 /* LaunchScreen.storyboard in Resources */ = {isa = PBXBuildFile; fileRef = 0CC3277E1DC35DA500E1E9C7 /* LaunchScreen.storyboard */; };
		0CC3278B1DC35DA500E1E9C7 /* PokeMongoTests.swift in Sources */ = {isa = PBXBuildFile; fileRef = 0CC3278A1DC35DA500E1E9C7 /* PokeMongoTests.swift */; };
		0CC327961DC35DA500E1E9C7 /* PokeMongoUITests.swift in Sources */ = {isa = PBXBuildFile; fileRef = 0CC327951DC35DA500E1E9C7 /* PokeMongoUITests.swift */; };
/* End PBXBuildFile section */

/* Begin PBXContainerItemProxy section */
		0CC327871DC35DA500E1E9C7 /* PBXContainerItemProxy */ = {
			isa = PBXContainerItemProxy;
			containerPortal = 0CC327641DC35DA400E1E9C7 /* Project object */;
			proxyType = 1;
			remoteGlobalIDString = 0CC3276B1DC35DA500E1E9C7;
			remoteInfo = PokeMongo;
		};
		0CC327921DC35DA500E1E9C7 /* PBXContainerItemProxy */ = {
			isa = PBXContainerItemProxy;
			containerPortal = 0CC327641DC35DA400E1E9C7 /* Project object */;
			proxyType = 1;
			remoteGlobalIDString = 0CC3276B1DC35DA500E1E9C7;
			remoteInfo = PokeMongo;
		};
/* End PBXContainerItemProxy section */

/* Begin PBXFileReference section */
		0C6F358B1DC3605700AD9B9A /* GameViewController.swift */ = {isa = PBXFileReference; fileEncoding = 4; lastKnownFileType = sourcecode.swift; name = GameViewController.swift; path = ViewControllers/GameViewController.swift; sourceTree = "<group>"; };
		0C6F358C1DC3605700AD9B9A /* MainViewController.swift */ = {isa = PBXFileReference; fileEncoding = 4; lastKnownFileType = sourcecode.swift; name = MainViewController.swift; path = ViewControllers/MainViewController.swift; sourceTree = "<group>"; };
		0C6F35901DC3607400AD9B9A /* GameScene.sks */ = {isa = PBXFileReference; lastKnownFileType = file.sks; name = GameScene.sks; path = Scenes/GameScene.sks; sourceTree = "<group>"; };
		0C6F35911DC3607400AD9B9A /* GameScene.swift */ = {isa = PBXFileReference; fileEncoding = 4; lastKnownFileType = sourcecode.swift; name = GameScene.swift; path = Scenes/GameScene.swift; sourceTree = "<group>"; };
		0C6F35961DC387E700AD9B9A /* SparkParticle.sks */ = {isa = PBXFileReference; lastKnownFileType = file.sks; name = SparkParticle.sks; path = Particles/SparkParticle.sks; sourceTree = "<group>"; };
		0C6F35971DC387E700AD9B9A /* Assets.xcassets */ = {isa = PBXFileReference; lastKnownFileType = folder.assetcatalog; name = Assets.xcassets; path = Particles/Assets.xcassets; sourceTree = "<group>"; };
		0CC3276C1DC35DA500E1E9C7 /* PokeMongo.app */ = {isa = PBXFileReference; explicitFileType = wrapper.application; includeInIndex = 0; path = PokeMongo.app; sourceTree = BUILT_PRODUCTS_DIR; };
		0CC3276F1DC35DA500E1E9C7 /* AppDelegate.swift */ = {isa = PBXFileReference; lastKnownFileType = sourcecode.swift; path = AppDelegate.swift; sourceTree = "<group>"; };
		0CC3277A1DC35DA500E1E9C7 /* Base */ = {isa = PBXFileReference; lastKnownFileType = file.storyboard; name = Base; path = Base.lproj/Main.storyboard; sourceTree = "<group>"; };
		0CC3277C1DC35DA500E1E9C7 /* Assets.xcassets */ = {isa = PBXFileReference; lastKnownFileType = folder.assetcatalog; path = Assets.xcassets; sourceTree = "<group>"; };
		0CC3277F1DC35DA500E1E9C7 /* Base */ = {isa = PBXFileReference; lastKnownFileType = file.storyboard; name = Base; path = Base.lproj/LaunchScreen.storyboard; sourceTree = "<group>"; };
		0CC327811DC35DA500E1E9C7 /* Info.plist */ = {isa = PBXFileReference; lastKnownFileType = text.plist.xml; path = Info.plist; sourceTree = "<group>"; };
		0CC327861DC35DA500E1E9C7 /* PokeMongoTests.xctest */ = {isa = PBXFileReference; explicitFileType = wrapper.cfbundle; includeInIndex = 0; path = PokeMongoTests.xctest; sourceTree = BUILT_PRODUCTS_DIR; };
		0CC3278A1DC35DA500E1E9C7 /* PokeMongoTests.swift */ = {isa = PBXFileReference; lastKnownFileType = sourcecode.swift; path = PokeMongoTests.swift; sourceTree = "<group>"; };
		0CC3278C1DC35DA500E1E9C7 /* Info.plist */ = {isa = PBXFileReference; lastKnownFileType = text.plist.xml; path = Info.plist; sourceTree = "<group>"; };
		0CC327911DC35DA500E1E9C7 /* PokeMongoUITests.xctest */ = {isa = PBXFileReference; explicitFileType = wrapper.cfbundle; includeInIndex = 0; path = PokeMongoUITests.xctest; sourceTree = BUILT_PRODUCTS_DIR; };
		0CC327951DC35DA500E1E9C7 /* PokeMongoUITests.swift */ = {isa = PBXFileReference; lastKnownFileType = sourcecode.swift; path = PokeMongoUITests.swift; sourceTree = "<group>"; };
		0CC327971DC35DA500E1E9C7 /* Info.plist */ = {isa = PBXFileReference; lastKnownFileType = text.plist.xml; path = Info.plist; sourceTree = "<group>"; };
/* End PBXFileReference section */

/* Begin PBXFrameworksBuildPhase section */
		0CC327691DC35DA500E1E9C7 /* Frameworks */ = {
			isa = PBXFrameworksBuildPhase;
			buildActionMask = 2147483647;
			files = (
			);
			runOnlyForDeploymentPostprocessing = 0;
		};
		0CC327831DC35DA500E1E9C7 /* Frameworks */ = {
			isa = PBXFrameworksBuildPhase;
			buildActionMask = 2147483647;
			files = (
			);
			runOnlyForDeploymentPostprocessing = 0;
		};
		0CC3278E1DC35DA500E1E9C7 /* Frameworks */ = {
			isa = PBXFrameworksBuildPhase;
			buildActionMask = 2147483647;
			files = (
			);
			runOnlyForDeploymentPostprocessing = 0;
		};
/* End PBXFrameworksBuildPhase section */

/* Begin PBXGroup section */
		0C6F358A1DC3604700AD9B9A /* ViewControllers */ = {
			isa = PBXGroup;
			children = (
				0C6F358B1DC3605700AD9B9A /* GameViewController.swift */,
				0C6F358C1DC3605700AD9B9A /* MainViewController.swift */,
			);
			name = ViewControllers;
			sourceTree = "<group>";
		};
		0C6F358F1DC3606700AD9B9A /* Scenes */ = {
			isa = PBXGroup;
			children = (
				0C6F35901DC3607400AD9B9A /* GameScene.sks */,
				0C6F35911DC3607400AD9B9A /* GameScene.swift */,
			);
			name = Scenes;
			sourceTree = "<group>";
		};
		0C6F35941DC3607F00AD9B9A /* Views */ = {
			isa = PBXGroup;
			children = (
				0CC3277E1DC35DA500E1E9C7 /* LaunchScreen.storyboard */,
				0CC327791DC35DA500E1E9C7 /* Main.storyboard */,
			);
			name = Views;
			sourceTree = "<group>";
		};
		0C6F35951DC387B000AD9B9A /* Particles */ = {
			isa = PBXGroup;
			children = (
				0C6F35961DC387E700AD9B9A /* SparkParticle.sks */,
				0C6F35971DC387E700AD9B9A /* Assets.xcassets */,
			);
			name = Particles;
			sourceTree = "<group>";
		};
		0CC327631DC35DA400E1E9C7 = {
			isa = PBXGroup;
			children = (
				0CC3276E1DC35DA500E1E9C7 /* PokeMongo */,
				0CC327891DC35DA500E1E9C7 /* PokeMongoTests */,
				0CC327941DC35DA500E1E9C7 /* PokeMongoUITests */,
				0CC3276D1DC35DA500E1E9C7 /* Products */,
			);
			sourceTree = "<group>";
		};
		0CC3276D1DC35DA500E1E9C7 /* Products */ = {
			isa = PBXGroup;
			children = (
				0CC3276C1DC35DA500E1E9C7 /* PokeMongo.app */,
				0CC327861DC35DA500E1E9C7 /* PokeMongoTests.xctest */,
				0CC327911DC35DA500E1E9C7 /* PokeMongoUITests.xctest */,
			);
			name = Products;
			sourceTree = "<group>";
		};
		0CC3276E1DC35DA500E1E9C7 /* PokeMongo */ = {
			isa = PBXGroup;
			children = (
				0C6F35951DC387B000AD9B9A /* Particles */,
				0C6F358F1DC3606700AD9B9A /* Scenes */,
				0C6F358A1DC3604700AD9B9A /* ViewControllers */,
				0C6F35941DC3607F00AD9B9A /* Views */,
				0CC3276F1DC35DA500E1E9C7 /* AppDelegate.swift */,
				0CC3277C1DC35DA500E1E9C7 /* Assets.xcassets */,
				0CC327811DC35DA500E1E9C7 /* Info.plist */,
			);
			path = PokeMongo;
			sourceTree = "<group>";
		};
		0CC327891DC35DA500E1E9C7 /* PokeMongoTests */ = {
			isa = PBXGroup;
			children = (
				0CC3278A1DC35DA500E1E9C7 /* PokeMongoTests.swift */,
				0CC3278C1DC35DA500E1E9C7 /* Info.plist */,
			);
			path = PokeMongoTests;
			sourceTree = "<group>";
		};
		0CC327941DC35DA500E1E9C7 /* PokeMongoUITests */ = {
			isa = PBXGroup;
			children = (
				0CC327951DC35DA500E1E9C7 /* PokeMongoUITests.swift */,
				0CC327971DC35DA500E1E9C7 /* Info.plist */,
			);
			path = PokeMongoUITests;
			sourceTree = "<group>";
		};
/* End PBXGroup section */

/* Begin PBXNativeTarget section */
		0CC3276B1DC35DA500E1E9C7 /* PokeMongo */ = {
			isa = PBXNativeTarget;
			buildConfigurationList = 0CC3279A1DC35DA500E1E9C7 /* Build configuration list for PBXNativeTarget "PokeMongo" */;
			buildPhases = (
				0CC327681DC35DA500E1E9C7 /* Sources */,
				0CC327691DC35DA500E1E9C7 /* Frameworks */,
				0CC3276A1DC35DA500E1E9C7 /* Resources */,
			);
			buildRules = (
			);
			dependencies = (
			);
			name = PokeMongo;
			productName = PokeMongo;
			productReference = 0CC3276C1DC35DA500E1E9C7 /* PokeMongo.app */;
			productType = "com.apple.product-type.application";
		};
		0CC327851DC35DA500E1E9C7 /* PokeMongoTests */ = {
			isa = PBXNativeTarget;
			buildConfigurationList = 0CC3279D1DC35DA500E1E9C7 /* Build configuration list for PBXNativeTarget "PokeMongoTests" */;
			buildPhases = (
				0CC327821DC35DA500E1E9C7 /* Sources */,
				0CC327831DC35DA500E1E9C7 /* Frameworks */,
				0CC327841DC35DA500E1E9C7 /* Resources */,
			);
			buildRules = (
			);
			dependencies = (
				0CC327881DC35DA500E1E9C7 /* PBXTargetDependency */,
			);
			name = PokeMongoTests;
			productName = PokeMongoTests;
			productReference = 0CC327861DC35DA500E1E9C7 /* PokeMongoTests.xctest */;
			productType = "com.apple.product-type.bundle.unit-test";
		};
		0CC327901DC35DA500E1E9C7 /* PokeMongoUITests */ = {
			isa = PBXNativeTarget;
			buildConfigurationList = 0CC327A01DC35DA500E1E9C7 /* Build configuration list for PBXNativeTarget "PokeMongoUITests" */;
			buildPhases = (
				0CC3278D1DC35DA500E1E9C7 /* Sources */,
				0CC3278E1DC35DA500E1E9C7 /* Frameworks */,
				0CC3278F1DC35DA500E1E9C7 /* Resources */,
			);
			buildRules = (
			);
			dependencies = (
				0CC327931DC35DA500E1E9C7 /* PBXTargetDependency */,
			);
			name = PokeMongoUITests;
			productName = PokeMongoUITests;
			productReference = 0CC327911DC35DA500E1E9C7 /* PokeMongoUITests.xctest */;
			productType = "com.apple.product-type.bundle.ui-testing";
		};
/* End PBXNativeTarget section */

/* Begin PBXProject section */
		0CC327641DC35DA400E1E9C7 /* Project object */ = {
			isa = PBXProject;
			attributes = {
				LastSwiftUpdateCheck = 0810;
				LastUpgradeCheck = 0810;
				ORGANIZATIONNAME = "Sarah Olson";
				TargetAttributes = {
					0CC3276B1DC35DA500E1E9C7 = {
						CreatedOnToolsVersion = 8.1;
						DevelopmentTeam = 4SR4ST5E9E;
						ProvisioningStyle = Automatic;
					};
					0CC327851DC35DA500E1E9C7 = {
						CreatedOnToolsVersion = 8.1;
						DevelopmentTeam = 4SR4ST5E9E;
						ProvisioningStyle = Automatic;
						TestTargetID = 0CC3276B1DC35DA500E1E9C7;
					};
					0CC327901DC35DA500E1E9C7 = {
						CreatedOnToolsVersion = 8.1;
						DevelopmentTeam = 4SR4ST5E9E;
						ProvisioningStyle = Automatic;
						TestTargetID = 0CC3276B1DC35DA500E1E9C7;
					};
				};
			};
			buildConfigurationList = 0CC327671DC35DA400E1E9C7 /* Build configuration list for PBXProject "PokeMongo" */;
			compatibilityVersion = "Xcode 3.2";
			developmentRegion = English;
			hasScannedForEncodings = 0;
			knownRegions = (
				en,
				Base,
			);
			mainGroup = 0CC327631DC35DA400E1E9C7;
			productRefGroup = 0CC3276D1DC35DA500E1E9C7 /* Products */;
			projectDirPath = "";
			projectRoot = "";
			targets = (
				0CC3276B1DC35DA500E1E9C7 /* PokeMongo */,
				0CC327851DC35DA500E1E9C7 /* PokeMongoTests */,
				0CC327901DC35DA500E1E9C7 /* PokeMongoUITests */,
			);
		};
/* End PBXProject section */

/* Begin PBXResourcesBuildPhase section */
		0CC3276A1DC35DA500E1E9C7 /* Resources */ = {
			isa = PBXResourcesBuildPhase;
			buildActionMask = 2147483647;
			files = (
				0C6F35921DC3607400AD9B9A /* GameScene.sks in Resources */,
				0CC3277B1DC35DA500E1E9C7 /* Main.storyboard in Resources */,
				0CC3277D1DC35DA500E1E9C7 /* Assets.xcassets in Resources */,
				0CC327801DC35DA500E1E9C7 /* LaunchScreen.storyboard in Resources */,
				0C6F35991DC387E700AD9B9A /* Assets.xcassets in Resources */,
				0C6F35981DC387E700AD9B9A /* SparkParticle.sks in Resources */,
			);
			runOnlyForDeploymentPostprocessing = 0;
		};
		0CC327841DC35DA500E1E9C7 /* Resources */ = {
			isa = PBXResourcesBuildPhase;
			buildActionMask = 2147483647;
			files = (
			);
			runOnlyForDeploymentPostprocessing = 0;
		};
		0CC3278F1DC35DA500E1E9C7 /* Resources */ = {
			isa = PBXResourcesBuildPhase;
			buildActionMask = 2147483647;
			files = (
			);
			runOnlyForDeploymentPostprocessing = 0;
		};
/* End PBXResourcesBuildPhase section */

/* Begin PBXSourcesBuildPhase section */
		0CC327681DC35DA500E1E9C7 /* Sources */ = {
			isa = PBXSourcesBuildPhase;
			buildActionMask = 2147483647;
			files = (
				0C6F358E1DC3605700AD9B9A /* MainViewController.swift in Sources */,
				0C6F358D1DC3605700AD9B9A /* GameViewController.swift in Sources */,
				0C6F35931DC3607400AD9B9A /* GameScene.swift in Sources */,
				0CC327701DC35DA500E1E9C7 /* AppDelegate.swift in Sources */,
			);
			runOnlyForDeploymentPostprocessing = 0;
		};
		0CC327821DC35DA500E1E9C7 /* Sources */ = {
			isa = PBXSourcesBuildPhase;
			buildActionMask = 2147483647;
			files = (
				0CC3278B1DC35DA500E1E9C7 /* PokeMongoTests.swift in Sources */,
			);
			runOnlyForDeploymentPostprocessing = 0;
		};
		0CC3278D1DC35DA500E1E9C7 /* Sources */ = {
			isa = PBXSourcesBuildPhase;
			buildActionMask = 2147483647;
			files = (
				0CC327961DC35DA500E1E9C7 /* PokeMongoUITests.swift in Sources */,
			);
			runOnlyForDeploymentPostprocessing = 0;
		};
/* End PBXSourcesBuildPhase section */

/* Begin PBXTargetDependency section */
		0CC327881DC35DA500E1E9C7 /* PBXTargetDependency */ = {
			isa = PBXTargetDependency;
			target = 0CC3276B1DC35DA500E1E9C7 /* PokeMongo */;
			targetProxy = 0CC327871DC35DA500E1E9C7 /* PBXContainerItemProxy */;
		};
		0CC327931DC35DA500E1E9C7 /* PBXTargetDependency */ = {
			isa = PBXTargetDependency;
			target = 0CC3276B1DC35DA500E1E9C7 /* PokeMongo */;
			targetProxy = 0CC327921DC35DA500E1E9C7 /* PBXContainerItemProxy */;
		};
/* End PBXTargetDependency section */

/* Begin PBXVariantGroup section */
		0CC327791DC35DA500E1E9C7 /* Main.storyboard */ = {
			isa = PBXVariantGroup;
			children = (
				0CC3277A1DC35DA500E1E9C7 /* Base */,
			);
			name = Main.storyboard;
			sourceTree = "<group>";
		};
		0CC3277E1DC35DA500E1E9C7 /* LaunchScreen.storyboard */ = {
			isa = PBXVariantGroup;
			children = (
				0CC3277F1DC35DA500E1E9C7 /* Base */,
			);
			name = LaunchScreen.storyboard;
			sourceTree = "<group>";
		};
/* End PBXVariantGroup section */

/* Begin XCBuildConfiguration section */
		0CC327981DC35DA500E1E9C7 /* Debug */ = {
			isa = XCBuildConfiguration;
			buildSettings = {
				ALWAYS_SEARCH_USER_PATHS = NO;
				CLANG_ANALYZER_NONNULL = YES;
				CLANG_CXX_LANGUAGE_STANDARD = "gnu++0x";
				CLANG_CXX_LIBRARY = "libc++";
				CLANG_ENABLE_MODULES = YES;
				CLANG_ENABLE_OBJC_ARC = YES;
				CLANG_WARN_BOOL_CONVERSION = YES;
				CLANG_WARN_CONSTANT_CONVERSION = YES;
				CLANG_WARN_DIRECT_OBJC_ISA_USAGE = YES_ERROR;
				CLANG_WARN_DOCUMENTATION_COMMENTS = YES;
				CLANG_WARN_EMPTY_BODY = YES;
				CLANG_WARN_ENUM_CONVERSION = YES;
				CLANG_WARN_INFINITE_RECURSION = YES;
				CLANG_WARN_INT_CONVERSION = YES;
				CLANG_WARN_OBJC_ROOT_CLASS = YES_ERROR;
				CLANG_WARN_SUSPICIOUS_MOVES = YES;
				CLANG_WARN_UNREACHABLE_CODE = YES;
				CLANG_WARN__DUPLICATE_METHOD_MATCH = YES;
				"CODE_SIGN_IDENTITY[sdk=iphoneos*]" = "iPhone Developer";
				COPY_PHASE_STRIP = NO;
				DEBUG_INFORMATION_FORMAT = dwarf;
				ENABLE_STRICT_OBJC_MSGSEND = YES;
				ENABLE_TESTABILITY = YES;
				GCC_C_LANGUAGE_STANDARD = gnu99;
				GCC_DYNAMIC_NO_PIC = NO;
				GCC_NO_COMMON_BLOCKS = YES;
				GCC_OPTIMIZATION_LEVEL = 0;
				GCC_PREPROCESSOR_DEFINITIONS = (
					"DEBUG=1",
					"$(inherited)",
				);
				GCC_WARN_64_TO_32_BIT_CONVERSION = YES;
				GCC_WARN_ABOUT_RETURN_TYPE = YES_ERROR;
				GCC_WARN_UNDECLARED_SELECTOR = YES;
				GCC_WARN_UNINITIALIZED_AUTOS = YES_AGGRESSIVE;
				GCC_WARN_UNUSED_FUNCTION = YES;
				GCC_WARN_UNUSED_VARIABLE = YES;
				IPHONEOS_DEPLOYMENT_TARGET = 10.1;
				MTL_ENABLE_DEBUG_INFO = YES;
				ONLY_ACTIVE_ARCH = YES;
				SDKROOT = iphoneos;
				SWIFT_ACTIVE_COMPILATION_CONDITIONS = DEBUG;
				SWIFT_OPTIMIZATION_LEVEL = "-Onone";
				TARGETED_DEVICE_FAMILY = "1,2";
			};
			name = Debug;
		};
		0CC327991DC35DA500E1E9C7 /* Release */ = {
			isa = XCBuildConfiguration;
			buildSettings = {
				ALWAYS_SEARCH_USER_PATHS = NO;
				CLANG_ANALYZER_NONNULL = YES;
				CLANG_CXX_LANGUAGE_STANDARD = "gnu++0x";
				CLANG_CXX_LIBRARY = "libc++";
				CLANG_ENABLE_MODULES = YES;
				CLANG_ENABLE_OBJC_ARC = YES;
				CLANG_WARN_BOOL_CONVERSION = YES;
				CLANG_WARN_CONSTANT_CONVERSION = YES;
				CLANG_WARN_DIRECT_OBJC_ISA_USAGE = YES_ERROR;
				CLANG_WARN_DOCUMENTATION_COMMENTS = YES;
				CLANG_WARN_EMPTY_BODY = YES;
				CLANG_WARN_ENUM_CONVERSION = YES;
				CLANG_WARN_INFINITE_RECURSION = YES;
				CLANG_WARN_INT_CONVERSION = YES;
				CLANG_WARN_OBJC_ROOT_CLASS = YES_ERROR;
				CLANG_WARN_SUSPICIOUS_MOVES = YES;
				CLANG_WARN_UNREACHABLE_CODE = YES;
				CLANG_WARN__DUPLICATE_METHOD_MATCH = YES;
				"CODE_SIGN_IDENTITY[sdk=iphoneos*]" = "iPhone Developer";
				COPY_PHASE_STRIP = NO;
				DEBUG_INFORMATION_FORMAT = "dwarf-with-dsym";
				ENABLE_NS_ASSERTIONS = NO;
				ENABLE_STRICT_OBJC_MSGSEND = YES;
				GCC_C_LANGUAGE_STANDARD = gnu99;
				GCC_NO_COMMON_BLOCKS = YES;
				GCC_WARN_64_TO_32_BIT_CONVERSION = YES;
				GCC_WARN_ABOUT_RETURN_TYPE = YES_ERROR;
				GCC_WARN_UNDECLARED_SELECTOR = YES;
				GCC_WARN_UNINITIALIZED_AUTOS = YES_AGGRESSIVE;
				GCC_WARN_UNUSED_FUNCTION = YES;
				GCC_WARN_UNUSED_VARIABLE = YES;
				IPHONEOS_DEPLOYMENT_TARGET = 10.1;
				MTL_ENABLE_DEBUG_INFO = NO;
				SDKROOT = iphoneos;
				SWIFT_OPTIMIZATION_LEVEL = "-Owholemodule";
				TARGETED_DEVICE_FAMILY = "1,2";
				VALIDATE_PRODUCT = YES;
			};
			name = Release;
		};
		0CC3279B1DC35DA500E1E9C7 /* Debug */ = {
			isa = XCBuildConfiguration;
			buildSettings = {
				ASSETCATALOG_COMPILER_APPICON_NAME = AppIcon;
				DEVELOPMENT_TEAM = 4SR4ST5E9E;
				INFOPLIST_FILE = PokeMongo/Info.plist;
				LD_RUNPATH_SEARCH_PATHS = "$(inherited) @executable_path/Frameworks";
				PRODUCT_BUNDLE_IDENTIFIER = com.saraheolson.PokeMongo;
				PRODUCT_NAME = "$(TARGET_NAME)";
				SWIFT_VERSION = 3.0;
				TARGETED_DEVICE_FAMILY = 1;
			};
			name = Debug;
		};
		0CC3279C1DC35DA500E1E9C7 /* Release */ = {
			isa = XCBuildConfiguration;
			buildSettings = {
				ASSETCATALOG_COMPILER_APPICON_NAME = AppIcon;
				DEVELOPMENT_TEAM = 4SR4ST5E9E;
				INFOPLIST_FILE = PokeMongo/Info.plist;
				LD_RUNPATH_SEARCH_PATHS = "$(inherited) @executable_path/Frameworks";
				PRODUCT_BUNDLE_IDENTIFIER = com.saraheolson.PokeMongo;
				PRODUCT_NAME = "$(TARGET_NAME)";
				SWIFT_VERSION = 3.0;
				TARGETED_DEVICE_FAMILY = 1;
			};
			name = Release;
		};
		0CC3279E1DC35DA500E1E9C7 /* Debug */ = {
			isa = XCBuildConfiguration;
			buildSettings = {
				ALWAYS_EMBED_SWIFT_STANDARD_LIBRARIES = YES;
				BUNDLE_LOADER = "$(TEST_HOST)";
				DEVELOPMENT_TEAM = 4SR4ST5E9E;
				INFOPLIST_FILE = PokeMongoTests/Info.plist;
				LD_RUNPATH_SEARCH_PATHS = "$(inherited) @executable_path/Frameworks @loader_path/Frameworks";
				PRODUCT_BUNDLE_IDENTIFIER = com.saraheolson.PokeMongoTests;
				PRODUCT_NAME = "$(TARGET_NAME)";
				SWIFT_VERSION = 3.0;
				TEST_HOST = "$(BUILT_PRODUCTS_DIR)/PokeMongo.app/PokeMongo";
			};
			name = Debug;
		};
		0CC3279F1DC35DA500E1E9C7 /* Release */ = {
			isa = XCBuildConfiguration;
			buildSettings = {
				ALWAYS_EMBED_SWIFT_STANDARD_LIBRARIES = YES;
				BUNDLE_LOADER = "$(TEST_HOST)";
				DEVELOPMENT_TEAM = 4SR4ST5E9E;
				INFOPLIST_FILE = PokeMongoTests/Info.plist;
				LD_RUNPATH_SEARCH_PATHS = "$(inherited) @executable_path/Frameworks @loader_path/Frameworks";
				PRODUCT_BUNDLE_IDENTIFIER = com.saraheolson.PokeMongoTests;
				PRODUCT_NAME = "$(TARGET_NAME)";
				SWIFT_VERSION = 3.0;
				TEST_HOST = "$(BUILT_PRODUCTS_DIR)/PokeMongo.app/PokeMongo";
			};
			name = Release;
		};
		0CC327A11DC35DA500E1E9C7 /* Debug */ = {
			isa = XCBuildConfiguration;
			buildSettings = {
				ALWAYS_EMBED_SWIFT_STANDARD_LIBRARIES = YES;
				DEVELOPMENT_TEAM = 4SR4ST5E9E;
				INFOPLIST_FILE = PokeMongoUITests/Info.plist;
				LD_RUNPATH_SEARCH_PATHS = "$(inherited) @executable_path/Frameworks @loader_path/Frameworks";
				PRODUCT_BUNDLE_IDENTIFIER = com.saraheolson.PokeMongoUITests;
				PRODUCT_NAME = "$(TARGET_NAME)";
				SWIFT_VERSION = 3.0;
				TEST_TARGET_NAME = PokeMongo;
			};
			name = Debug;
		};
		0CC327A21DC35DA500E1E9C7 /* Release */ = {
			isa = XCBuildConfiguration;
			buildSettings = {
				ALWAYS_EMBED_SWIFT_STANDARD_LIBRARIES = YES;
				DEVELOPMENT_TEAM = 4SR4ST5E9E;
				INFOPLIST_FILE = PokeMongoUITests/Info.plist;
				LD_RUNPATH_SEARCH_PATHS = "$(inherited) @executable_path/Frameworks @loader_path/Frameworks";
				PRODUCT_BUNDLE_IDENTIFIER = com.saraheolson.PokeMongoUITests;
				PRODUCT_NAME = "$(TARGET_NAME)";
				SWIFT_VERSION = 3.0;
				TEST_TARGET_NAME = PokeMongo;
			};
			name = Release;
		};
/* End XCBuildConfiguration section */

/* Begin XCConfigurationList section */
		0CC327671DC35DA400E1E9C7 /* Build configuration list for PBXProject "PokeMongo" */ = {
			isa = XCConfigurationList;
			buildConfigurations = (
				0CC327981DC35DA500E1E9C7 /* Debug */,
				0CC327991DC35DA500E1E9C7 /* Release */,
			);
			defaultConfigurationIsVisible = 0;
			defaultConfigurationName = Release;
		};
		0CC3279A1DC35DA500E1E9C7 /* Build configuration list for PBXNativeTarget "PokeMongo" */ = {
			isa = XCConfigurationList;
			buildConfigurations = (
				0CC3279B1DC35DA500E1E9C7 /* Debug */,
				0CC3279C1DC35DA500E1E9C7 /* Release */,
			);
			defaultConfigurationIsVisible = 0;
			defaultConfigurationName = Release;
		};
		0CC3279D1DC35DA500E1E9C7 /* Build configuration list for PBXNativeTarget "PokeMongoTests" */ = {
			isa = XCConfigurationList;
			buildConfigurations = (
				0CC3279E1DC35DA500E1E9C7 /* Debug */,
				0CC3279F1DC35DA500E1E9C7 /* Release */,
			);
			defaultConfigurationIsVisible = 0;
			defaultConfigurationName = Release;
		};
		0CC327A01DC35DA500E1E9C7 /* Build configuration list for PBXNativeTarget "PokeMongoUITests" */ = {
			isa = XCConfigurationList;
			buildConfigurations = (
				0CC327A11DC35DA500E1E9C7 /* Debug */,
				0CC327A21DC35DA500E1E9C7 /* Release */,
			);
			defaultConfigurationIsVisible = 0;
			defaultConfigurationName = Release;
		};
/* End XCConfigurationList section */
	};
	rootObject = 0CC327641DC35DA400E1E9C7 /* Project object */;
}
